// !$*UTF8*$!
{
	archiveVersion = 1;
	classes = {
	};
	objectVersion = 50;
	objects = {

/* Begin PBXBuildFile section */
		5C74DA1D22EA412800B7CCC7 /* AppDelegate.swift in Sources */ = {isa = PBXBuildFile; fileRef = 5C74DA1C22EA412800B7CCC7 /* AppDelegate.swift */; };
		5C74DA1F22EA412800B7CCC7 /* SceneDelegate.swift in Sources */ = {isa = PBXBuildFile; fileRef = 5C74DA1E22EA412800B7CCC7 /* SceneDelegate.swift */; };
		5C74DA2222EA412800B7CCC7 /* HackerNews.xcdatamodeld in Sources */ = {isa = PBXBuildFile; fileRef = 5C74DA2022EA412800B7CCC7 /* HackerNews.xcdatamodeld */; };
		5C74DA2422EA412800B7CCC7 /* MainView.swift in Sources */ = {isa = PBXBuildFile; fileRef = 5C74DA2322EA412800B7CCC7 /* MainView.swift */; };
		5C74DA2622EA412800B7CCC7 /* Assets.xcassets in Resources */ = {isa = PBXBuildFile; fileRef = 5C74DA2522EA412800B7CCC7 /* Assets.xcassets */; };
		5C74DA2922EA412800B7CCC7 /* Preview Assets.xcassets in Resources */ = {isa = PBXBuildFile; fileRef = 5C74DA2822EA412800B7CCC7 /* Preview Assets.xcassets */; };
		5C74DA2C22EA412800B7CCC7 /* LaunchScreen.storyboard in Resources */ = {isa = PBXBuildFile; fileRef = 5C74DA2A22EA412800B7CCC7 /* LaunchScreen.storyboard */; };
		5C74DA3822EA44E900B7CCC7 /* MainViewModel.swift in Sources */ = {isa = PBXBuildFile; fileRef = 5C74DA3722EA44E900B7CCC7 /* MainViewModel.swift */; };
		5C9A495E22EBA2EF00EB2DE9 /* Item.swift in Sources */ = {isa = PBXBuildFile; fileRef = 5C9A495D22EBA2EF00EB2DE9 /* Item.swift */; };
		5CBD75C422EA45CA00190A02 /* FeedType.swift in Sources */ = {isa = PBXBuildFile; fileRef = 5CBD75C322EA45CA00190A02 /* FeedType.swift */; };
		5CBD75C622EA466700190A02 /* IndicatorView.swift in Sources */ = {isa = PBXBuildFile; fileRef = 5CBD75C522EA466700190A02 /* IndicatorView.swift */; };
/* End PBXBuildFile section */

/* Begin PBXFileReference section */
		5C74DA1922EA412800B7CCC7 /* HackerNews.app */ = {isa = PBXFileReference; explicitFileType = wrapper.application; includeInIndex = 0; path = HackerNews.app; sourceTree = BUILT_PRODUCTS_DIR; };
		5C74DA1C22EA412800B7CCC7 /* AppDelegate.swift */ = {isa = PBXFileReference; lastKnownFileType = sourcecode.swift; path = AppDelegate.swift; sourceTree = "<group>"; };
		5C74DA1E22EA412800B7CCC7 /* SceneDelegate.swift */ = {isa = PBXFileReference; lastKnownFileType = sourcecode.swift; path = SceneDelegate.swift; sourceTree = "<group>"; };
		5C74DA2122EA412800B7CCC7 /* HackerNews.xcdatamodel */ = {isa = PBXFileReference; lastKnownFileType = wrapper.xcdatamodel; path = HackerNews.xcdatamodel; sourceTree = "<group>"; };
		5C74DA2322EA412800B7CCC7 /* MainView.swift */ = {isa = PBXFileReference; lastKnownFileType = sourcecode.swift; path = MainView.swift; sourceTree = "<group>"; };
		5C74DA2522EA412800B7CCC7 /* Assets.xcassets */ = {isa = PBXFileReference; lastKnownFileType = folder.assetcatalog; path = Assets.xcassets; sourceTree = "<group>"; };
		5C74DA2822EA412800B7CCC7 /* Preview Assets.xcassets */ = {isa = PBXFileReference; lastKnownFileType = folder.assetcatalog; path = "Preview Assets.xcassets"; sourceTree = "<group>"; };
		5C74DA2B22EA412800B7CCC7 /* Base */ = {isa = PBXFileReference; lastKnownFileType = file.storyboard; name = Base; path = Base.lproj/LaunchScreen.storyboard; sourceTree = "<group>"; };
		5C74DA2D22EA412800B7CCC7 /* Info.plist */ = {isa = PBXFileReference; lastKnownFileType = text.plist.xml; path = Info.plist; sourceTree = "<group>"; };
		5C74DA3722EA44E900B7CCC7 /* MainViewModel.swift */ = {isa = PBXFileReference; lastKnownFileType = sourcecode.swift; path = MainViewModel.swift; sourceTree = "<group>"; };
		5C9A495D22EBA2EF00EB2DE9 /* Item.swift */ = {isa = PBXFileReference; lastKnownFileType = sourcecode.swift; name = Item.swift; path = ../../../../../../../System/Volumes/Data/Users/mustafa.ozhan/Projects/Personal/HackerNews/HackerNews/Model/Item.swift; sourceTree = "<group>"; };
		5CBD75C322EA45CA00190A02 /* FeedType.swift */ = {isa = PBXFileReference; lastKnownFileType = sourcecode.swift; name = FeedType.swift; path = ../../../../../../../System/Volumes/Data/Users/mustafa.ozhan/Projects/Personal/HackerNews/HackerNews/Model/FeedType.swift; sourceTree = "<group>"; };
		5CBD75C522EA466700190A02 /* IndicatorView.swift */ = {isa = PBXFileReference; lastKnownFileType = sourcecode.swift; name = IndicatorView.swift; path = ../../../../../../../../System/Volumes/Data/Users/mustafa.ozhan/Projects/Personal/HackerNews/HackerNews/Main/View/IndicatorView.swift; sourceTree = "<group>"; };
/* End PBXFileReference section */

/* Begin PBXFrameworksBuildPhase section */
		5C74DA1622EA412800B7CCC7 /* Frameworks */ = {
			isa = PBXFrameworksBuildPhase;
			buildActionMask = 2147483647;
			files = (
			);
			runOnlyForDeploymentPostprocessing = 0;
		};
/* End PBXFrameworksBuildPhase section */

/* Begin PBXGroup section */
		5C74DA1022EA412800B7CCC7 = {
			isa = PBXGroup;
			children = (
				5C74DA1B22EA412800B7CCC7 /* HackerNews */,
				5C74DA1A22EA412800B7CCC7 /* Products */,
			);
			sourceTree = "<group>";
		};
		5C74DA1A22EA412800B7CCC7 /* Products */ = {
			isa = PBXGroup;
			children = (
				5C74DA1922EA412800B7CCC7 /* HackerNews.app */,
			);
			name = Products;
			sourceTree = "<group>";
		};
		5C74DA1B22EA412800B7CCC7 /* HackerNews */ = {
			isa = PBXGroup;
			children = (
				5C74DA3522EA413F00B7CCC7 /* App */,
				5CBD75C222EA45A400190A02 /* Model */,
				5C74DA3422EA413700B7CCC7 /* Main */,
				5C74DA3322EA413000B7CCC7 /* Resources */,
			);
			path = HackerNews;
			sourceTree = "<group>";
		};
		5C74DA2722EA412800B7CCC7 /* Preview Content */ = {
			isa = PBXGroup;
			children = (
				5C74DA2822EA412800B7CCC7 /* Preview Assets.xcassets */,
			);
			path = "Preview Content";
			sourceTree = "<group>";
		};
		5C74DA3322EA413000B7CCC7 /* Resources */ = {
			isa = PBXGroup;
			children = (
				5C74DA2522EA412800B7CCC7 /* Assets.xcassets */,
				5C74DA2A22EA412800B7CCC7 /* LaunchScreen.storyboard */,
				5C74DA2D22EA412800B7CCC7 /* Info.plist */,
				5C74DA2022EA412800B7CCC7 /* HackerNews.xcdatamodeld */,
				5C74DA2722EA412800B7CCC7 /* Preview Content */,
			);
			path = Resources;
			sourceTree = "<group>";
		};
		5C74DA3422EA413700B7CCC7 /* Main */ = {
			isa = PBXGroup;
			children = (
				5C74DA3622EA44CE00B7CCC7 /* View */,
				5C74DA2322EA412800B7CCC7 /* MainView.swift */,
				5C74DA3722EA44E900B7CCC7 /* MainViewModel.swift */,
			);
			path = Main;
			sourceTree = "<group>";
		};
		5C74DA3522EA413F00B7CCC7 /* App */ = {
			isa = PBXGroup;
			children = (
				5C74DA1C22EA412800B7CCC7 /* AppDelegate.swift */,
				5C74DA1E22EA412800B7CCC7 /* SceneDelegate.swift */,
			);
			path = App;
			sourceTree = "<group>";
		};
		5C74DA3622EA44CE00B7CCC7 /* View */ = {
			isa = PBXGroup;
			children = (
				5CBD75C522EA466700190A02 /* IndicatorView.swift */,
			);
			path = View;
			sourceTree = "<group>";
		};
		5CBD75C222EA45A400190A02 /* Model */ = {
			isa = PBXGroup;
			children = (
				5CBD75C322EA45CA00190A02 /* FeedType.swift */,
				5C9A495D22EBA2EF00EB2DE9 /* Item.swift */,
			);
			path = Model;
			sourceTree = "<group>";
		};
/* End PBXGroup section */

/* Begin PBXNativeTarget section */
		5C74DA1822EA412800B7CCC7 /* HackerNews */ = {
			isa = PBXNativeTarget;
			buildConfigurationList = 5C74DA3022EA412800B7CCC7 /* Build configuration list for PBXNativeTarget "HackerNews" */;
			buildPhases = (
				5C74DA1522EA412800B7CCC7 /* Sources */,
				5C74DA1622EA412800B7CCC7 /* Frameworks */,
				5C74DA1722EA412800B7CCC7 /* Resources */,
			);
			buildRules = (
			);
			dependencies = (
			);
			name = HackerNews;
			productName = HackerNews;
			productReference = 5C74DA1922EA412800B7CCC7 /* HackerNews.app */;
			productType = "com.apple.product-type.application";
		};
/* End PBXNativeTarget section */

/* Begin PBXProject section */
		5C74DA1122EA412800B7CCC7 /* Project object */ = {
			isa = PBXProject;
			attributes = {
				LastSwiftUpdateCheck = 1100;
				LastUpgradeCheck = 1100;
				ORGANIZATIONNAME = "Mustafa Ozhan";
				TargetAttributes = {
					5C74DA1822EA412800B7CCC7 = {
						CreatedOnToolsVersion = 11.0;
					};
				};
			};
			buildConfigurationList = 5C74DA1422EA412800B7CCC7 /* Build configuration list for PBXProject "HackerNews" */;
			compatibilityVersion = "Xcode 9.3";
			developmentRegion = en;
			hasScannedForEncodings = 0;
			knownRegions = (
				en,
				Base,
			);
			mainGroup = 5C74DA1022EA412800B7CCC7;
			productRefGroup = 5C74DA1A22EA412800B7CCC7 /* Products */;
			projectDirPath = "";
			projectRoot = "";
			targets = (
				5C74DA1822EA412800B7CCC7 /* HackerNews */,
			);
		};
/* End PBXProject section */

/* Begin PBXResourcesBuildPhase section */
		5C74DA1722EA412800B7CCC7 /* Resources */ = {
			isa = PBXResourcesBuildPhase;
			buildActionMask = 2147483647;
			files = (
				5C74DA2C22EA412800B7CCC7 /* LaunchScreen.storyboard in Resources */,
				5C74DA2922EA412800B7CCC7 /* Preview Assets.xcassets in Resources */,
				5C74DA2622EA412800B7CCC7 /* Assets.xcassets in Resources */,
			);
			runOnlyForDeploymentPostprocessing = 0;
		};
/* End PBXResourcesBuildPhase section */

/* Begin PBXSourcesBuildPhase section */
		5C74DA1522EA412800B7CCC7 /* Sources */ = {
			isa = PBXSourcesBuildPhase;
			buildActionMask = 2147483647;
			files = (
				5C74DA3822EA44E900B7CCC7 /* MainViewModel.swift in Sources */,
				5C74DA1D22EA412800B7CCC7 /* AppDelegate.swift in Sources */,
				5C74DA2222EA412800B7CCC7 /* HackerNews.xcdatamodeld in Sources */,
				5C74DA2422EA412800B7CCC7 /* MainView.swift in Sources */,
				5C9A495E22EBA2EF00EB2DE9 /* Item.swift in Sources */,
				5C74DA1F22EA412800B7CCC7 /* SceneDelegate.swift in Sources */,
				5CBD75C422EA45CA00190A02 /* FeedType.swift in Sources */,
				5CBD75C622EA466700190A02 /* IndicatorView.swift in Sources */,
			);
			runOnlyForDeploymentPostprocessing = 0;
		};
/* End PBXSourcesBuildPhase section */

/* Begin PBXVariantGroup section */
		5C74DA2A22EA412800B7CCC7 /* LaunchScreen.storyboard */ = {
			isa = PBXVariantGroup;
			children = (
				5C74DA2B22EA412800B7CCC7 /* Base */,
			);
			name = LaunchScreen.storyboard;
			sourceTree = "<group>";
		};
/* End PBXVariantGroup section */

/* Begin XCBuildConfiguration section */
		5C74DA2E22EA412800B7CCC7 /* Debug */ = {
			isa = XCBuildConfiguration;
			buildSettings = {
				ALWAYS_SEARCH_USER_PATHS = NO;
				CLANG_ANALYZER_NONNULL = YES;
				CLANG_ANALYZER_NUMBER_OBJECT_CONVERSION = YES_AGGRESSIVE;
				CLANG_CXX_LANGUAGE_STANDARD = "gnu++14";
				CLANG_CXX_LIBRARY = "libc++";
				CLANG_ENABLE_MODULES = YES;
				CLANG_ENABLE_OBJC_ARC = YES;
				CLANG_ENABLE_OBJC_WEAK = YES;
				CLANG_WARN_BLOCK_CAPTURE_AUTORELEASING = YES;
				CLANG_WARN_BOOL_CONVERSION = YES;
				CLANG_WARN_COMMA = YES;
				CLANG_WARN_CONSTANT_CONVERSION = YES;
				CLANG_WARN_DEPRECATED_OBJC_IMPLEMENTATIONS = YES;
				CLANG_WARN_DIRECT_OBJC_ISA_USAGE = YES_ERROR;
				CLANG_WARN_DOCUMENTATION_COMMENTS = YES;
				CLANG_WARN_EMPTY_BODY = YES;
				CLANG_WARN_ENUM_CONVERSION = YES;
				CLANG_WARN_INFINITE_RECURSION = YES;
				CLANG_WARN_INT_CONVERSION = YES;
				CLANG_WARN_NON_LITERAL_NULL_CONVERSION = YES;
				CLANG_WARN_OBJC_IMPLICIT_RETAIN_SELF = YES;
				CLANG_WARN_OBJC_LITERAL_CONVERSION = YES;
				CLANG_WARN_OBJC_ROOT_CLASS = YES_ERROR;
				CLANG_WARN_RANGE_LOOP_ANALYSIS = YES;
				CLANG_WARN_STRICT_PROTOTYPES = YES;
				CLANG_WARN_SUSPICIOUS_MOVE = YES;
				CLANG_WARN_UNGUARDED_AVAILABILITY = YES_AGGRESSIVE;
				CLANG_WARN_UNREACHABLE_CODE = YES;
				CLANG_WARN__DUPLICATE_METHOD_MATCH = YES;
				COPY_PHASE_STRIP = NO;
				DEBUG_INFORMATION_FORMAT = dwarf;
				ENABLE_STRICT_OBJC_MSGSEND = YES;
				ENABLE_TESTABILITY = YES;
				GCC_C_LANGUAGE_STANDARD = gnu11;
				GCC_DYNAMIC_NO_PIC = NO;
				GCC_NO_COMMON_BLOCKS = YES;
				GCC_OPTIMIZATION_LEVEL = 0;
				GCC_PREPROCESSOR_DEFINITIONS = (
					"DEBUG=1",
					"$(inherited)",
				);
				GCC_WARN_64_TO_32_BIT_CONVERSION = YES;
				GCC_WARN_ABOUT_RETURN_TYPE = YES_ERROR;
				GCC_WARN_UNDECLARED_SELECTOR = YES;
				GCC_WARN_UNINITIALIZED_AUTOS = YES_AGGRESSIVE;
				GCC_WARN_UNUSED_FUNCTION = YES;
				GCC_WARN_UNUSED_VARIABLE = YES;
				IPHONEOS_DEPLOYMENT_TARGET = 13.0;
				MTL_ENABLE_DEBUG_INFO = INCLUDE_SOURCE;
				MTL_FAST_MATH = YES;
				ONLY_ACTIVE_ARCH = YES;
				SDKROOT = iphoneos;
				SWIFT_ACTIVE_COMPILATION_CONDITIONS = DEBUG;
				SWIFT_OPTIMIZATION_LEVEL = "-Onone";
			};
			name = Debug;
		};
		5C74DA2F22EA412800B7CCC7 /* Release */ = {
			isa = XCBuildConfiguration;
			buildSettings = {
				ALWAYS_SEARCH_USER_PATHS = NO;
				CLANG_ANALYZER_NONNULL = YES;
				CLANG_ANALYZER_NUMBER_OBJECT_CONVERSION = YES_AGGRESSIVE;
				CLANG_CXX_LANGUAGE_STANDARD = "gnu++14";
				CLANG_CXX_LIBRARY = "libc++";
				CLANG_ENABLE_MODULES = YES;
				CLANG_ENABLE_OBJC_ARC = YES;
				CLANG_ENABLE_OBJC_WEAK = YES;
				CLANG_WARN_BLOCK_CAPTURE_AUTORELEASING = YES;
				CLANG_WARN_BOOL_CONVERSION = YES;
				CLANG_WARN_COMMA = YES;
				CLANG_WARN_CONSTANT_CONVERSION = YES;
				CLANG_WARN_DEPRECATED_OBJC_IMPLEMENTATIONS = YES;
				CLANG_WARN_DIRECT_OBJC_ISA_USAGE = YES_ERROR;
				CLANG_WARN_DOCUMENTATION_COMMENTS = YES;
				CLANG_WARN_EMPTY_BODY = YES;
				CLANG_WARN_ENUM_CONVERSION = YES;
				CLANG_WARN_INFINITE_RECURSION = YES;
				CLANG_WARN_INT_CONVERSION = YES;
				CLANG_WARN_NON_LITERAL_NULL_CONVERSION = YES;
				CLANG_WARN_OBJC_IMPLICIT_RETAIN_SELF = YES;
				CLANG_WARN_OBJC_LITERAL_CONVERSION = YES;
				CLANG_WARN_OBJC_ROOT_CLASS = YES_ERROR;
				CLANG_WARN_RANGE_LOOP_ANALYSIS = YES;
				CLANG_WARN_STRICT_PROTOTYPES = YES;
				CLANG_WARN_SUSPICIOUS_MOVE = YES;
				CLANG_WARN_UNGUARDED_AVAILABILITY = YES_AGGRESSIVE;
				CLANG_WARN_UNREACHABLE_CODE = YES;
				CLANG_WARN__DUPLICATE_METHOD_MATCH = YES;
				COPY_PHASE_STRIP = NO;
				DEBUG_INFORMATION_FORMAT = "dwarf-with-dsym";
				ENABLE_NS_ASSERTIONS = NO;
				ENABLE_STRICT_OBJC_MSGSEND = YES;
				GCC_C_LANGUAGE_STANDARD = gnu11;
				GCC_NO_COMMON_BLOCKS = YES;
				GCC_WARN_64_TO_32_BIT_CONVERSION = YES;
				GCC_WARN_ABOUT_RETURN_TYPE = YES_ERROR;
				GCC_WARN_UNDECLARED_SELECTOR = YES;
				GCC_WARN_UNINITIALIZED_AUTOS = YES_AGGRESSIVE;
				GCC_WARN_UNUSED_FUNCTION = YES;
				GCC_WARN_UNUSED_VARIABLE = YES;
				IPHONEOS_DEPLOYMENT_TARGET = 13.0;
				MTL_ENABLE_DEBUG_INFO = NO;
				MTL_FAST_MATH = YES;
				SDKROOT = iphoneos;
				SWIFT_COMPILATION_MODE = wholemodule;
				SWIFT_OPTIMIZATION_LEVEL = "-O";
				VALIDATE_PRODUCT = YES;
			};
			name = Release;
		};
		5C74DA3122EA412800B7CCC7 /* Debug */ = {
			isa = XCBuildConfiguration;
			buildSettings = {
				ASSETCATALOG_COMPILER_APPICON_NAME = AppIcon;
				CODE_SIGN_STYLE = Automatic;
				DEVELOPMENT_ASSET_PATHS = "HackerNews/Resources/Preview\\ Content";
				DEVELOPMENT_TEAM = 8MTR5SHZFD;
				ENABLE_PREVIEWS = YES;
				INFOPLIST_FILE = HackerNews/Resources/Info.plist;
				LD_RUNPATH_SEARCH_PATHS = (
					"$(inherited)",
					"@executable_path/Frameworks",
				);
				PRODUCT_BUNDLE_IDENTIFIER = com.github.mustafaozhan.HackerNews;
				PRODUCT_NAME = "$(TARGET_NAME)";
				SWIFT_VERSION = 5.0;
				TARGETED_DEVICE_FAMILY = "1,2";
			};
			name = Debug;
		};
		5C74DA3222EA412800B7CCC7 /* Release */ = {
			isa = XCBuildConfiguration;
			buildSettings = {
				ASSETCATALOG_COMPILER_APPICON_NAME = AppIcon;
				CODE_SIGN_STYLE = Automatic;
				DEVELOPMENT_ASSET_PATHS = "HackerNews/Resources/Preview\\ Content";
				DEVELOPMENT_TEAM = 8MTR5SHZFD;
				ENABLE_PREVIEWS = YES;
				INFOPLIST_FILE = HackerNews/Resources/Info.plist;
				LD_RUNPATH_SEARCH_PATHS = (
					"$(inherited)",
					"@executable_path/Frameworks",
				);
				PRODUCT_BUNDLE_IDENTIFIER = com.github.mustafaozhan.HackerNews;
				PRODUCT_NAME = "$(TARGET_NAME)";
				SWIFT_VERSION = 5.0;
				TARGETED_DEVICE_FAMILY = "1,2";
			};
			name = Release;
		};
/* End XCBuildConfiguration section */

/* Begin XCConfigurationList section */
		5C74DA1422EA412800B7CCC7 /* Build configuration list for PBXProject "HackerNews" */ = {
			isa = XCConfigurationList;
			buildConfigurations = (
				5C74DA2E22EA412800B7CCC7 /* Debug */,
				5C74DA2F22EA412800B7CCC7 /* Release */,
			);
			defaultConfigurationIsVisible = 0;
			defaultConfigurationName = Release;
		};
		5C74DA3022EA412800B7CCC7 /* Build configuration list for PBXNativeTarget "HackerNews" */ = {
			isa = XCConfigurationList;
			buildConfigurations = (
				5C74DA3122EA412800B7CCC7 /* Debug */,
				5C74DA3222EA412800B7CCC7 /* Release */,
			);
			defaultConfigurationIsVisible = 0;
			defaultConfigurationName = Release;
		};
/* End XCConfigurationList section */

/* Begin XCVersionGroup section */
		5C74DA2022EA412800B7CCC7 /* HackerNews.xcdatamodeld */ = {
			isa = XCVersionGroup;
			children = (
				5C74DA2122EA412800B7CCC7 /* HackerNews.xcdatamodel */,
			);
			currentVersion = 5C74DA2122EA412800B7CCC7 /* HackerNews.xcdatamodel */;
			path = HackerNews.xcdatamodeld;
			sourceTree = "<group>";
			versionGroupType = wrapper.xcdatamodel;
		};
/* End XCVersionGroup section */
	};
	rootObject = 5C74DA1122EA412800B7CCC7 /* Project object */;
}
